
Microsoft Visual Studio Solution File, Format Version 12.00
# Visual Studio Express 2012 for Windows Desktop
Project("{FAE04EC0-301F-11D3-BF4B-00C04F79EFBC}") = "ModernUI", "ModernUI\ModernUI.csproj", "{D5E77056-112A-44F6-BA49-45EC7387575E}"
EndProject
Global
	GlobalSection(SolutionConfigurationPlatforms) = preSolution
		Debug|Any CPU = Debug|Any CPU
		Release|Any CPU = Release|Any CPU
	EndGlobalSection
	GlobalSection(ProjectConfigurationPlatforms) = postSolution
		{D5E77056-112A-44F6-BA49-45EC7387575E}.Debug|Any CPU.ActiveCfg = Debug|Any CPU
		{D5E77056-112A-44F6-BA49-45EC7387575E}.Debug|Any CPU.Build.0 = Debug|Any CPU
		{D5E77056-112A-44F6-BA49-45EC7387575E}.Release|Any CPU.ActiveCfg = Release|Any CPU
		{D5E77056-112A-44F6-BA49-45EC7387575E}.Release|Any CPU.Build.0 = Release|Any CPU
	EndGlobalSection
	GlobalSection(SolutionProperties) = preSolution
		HideSolutionNode = FALSE
	EndGlobalSection
EndGlobal
